
Microsoft Visual Studio Solution File, Format Version 12.00
# Visual Studio Version 17
VisualStudioVersion = 17.14.36705.20 d17.14
MinimumVisualStudioVersion = 10.0.40219.1
Project("{FAE04EC0-301F-11D3-BF4B-00C04F79EFBC}") = "HCI_project", "HCI_project\HCI_project.csproj", "{A6A17D4D-0004-43DF-B7C3-5F7CF43FFAB1}"
EndProject
Global
	GlobalSection(SolutionConfigurationPlatforms) = preSolution
		Debug|Any CPU = Debug|Any CPU
		Release|Any CPU = Release|Any CPU
	EndGlobalSection
	GlobalSection(ProjectConfigurationPlatforms) = postSolution
		{A6A17D4D-0004-43DF-B7C3-5F7CF43FFAB1}.Debug|Any CPU.ActiveCfg = Debug|Any CPU
		{A6A17D4D-0004-43DF-B7C3-5F7CF43FFAB1}.Debug|Any CPU.Build.0 = Debug|Any CPU
		{A6A17D4D-0004-43DF-B7C3-5F7CF43FFAB1}.Release|Any CPU.ActiveCfg = Release|Any CPU
		{A6A17D4D-0004-43DF-B7C3-5F7CF43FFAB1}.Release|Any CPU.Build.0 = Release|Any CPU
	EndGlobalSection
	GlobalSection(SolutionProperties) = preSolution
		HideSolutionNode = FALSE
	EndGlobalSection
	GlobalSection(ExtensibilityGlobals) = postSolution
		SolutionGuid = {FF8C2EBB-45D6-4A9A-BE93-A163519A650E}
	EndGlobalSection
EndGlobal
